
Microsoft Visual Studio Solution File, Format Version 12.00
# Visual Studio 15
VisualStudioVersion = 15.0.28307.1972
MinimumVisualStudioVersion = 10.0.40219.1
Project("{FAE04EC0-301F-11D3-BF4B-00C04F79EFBC}") = "CleanBlog.Web", "CleanBlog.Web\CleanBlog.Web.csproj", "{F78F3D6D-4869-4AAA-9FD3-22AD4E28CAC6}"
EndProject
Global
	GlobalSection(SolutionConfigurationPlatforms) = preSolution
		Debug|Any CPU = Debug|Any CPU
		Release|Any CPU = Release|Any CPU
	EndGlobalSection
	GlobalSection(ProjectConfigurationPlatforms) = postSolution
		{F78F3D6D-4869-4AAA-9FD3-22AD4E28CAC6}.Debug|Any CPU.ActiveCfg = Debug|Any CPU
		{F78F3D6D-4869-4AAA-9FD3-22AD4E28CAC6}.Debug|Any CPU.Build.0 = Debug|Any CPU
		{F78F3D6D-4869-4AAA-9FD3-22AD4E28CAC6}.Release|Any CPU.ActiveCfg = Release|Any CPU
		{F78F3D6D-4869-4AAA-9FD3-22AD4E28CAC6}.Release|Any CPU.Build.0 = Release|Any CPU
	EndGlobalSection
	GlobalSection(SolutionProperties) = preSolution
		HideSolutionNode = FALSE
	EndGlobalSection
	GlobalSection(ExtensibilityGlobals) = postSolution
		SolutionGuid = {8022D581-CC01-4DC7-96C0-C5D7B7E82282}
	EndGlobalSection
EndGlobal
